// !$*UTF8*$!
{
	archiveVersion = 1;
	classes = {
	};
	objectVersion = 60;
	objects = {

/* Begin PBXBuildFile section */
		15484C9615FE89F200E4EC5E /* olvr190b.fnt in Resources */ = {isa = PBXBuildFile; fileRef = 15484C9215FE89F200E4EC5E /* olvr190b.fnt */; };
		15484C9715FE89F200E4EC5E /* olvr190b.png in Resources */ = {isa = PBXBuildFile; fileRef = 15484C9315FE89F200E4EC5E /* olvr190b.png */; };
		15484C9815FE89F200E4EC5E /* olvr190bu.fnt in Resources */ = {isa = PBXBuildFile; fileRef = 15484C9415FE89F200E4EC5E /* olvr190bu.fnt */; };
		15484C9915FE89F200E4EC5E /* olvr190bu.png in Resources */ = {isa = PBXBuildFile; fileRef = 15484C9515FE89F200E4EC5E /* olvr190bu.png */; };
		15A41CB81611F26C005A4632 /* Settings.bundle in Resources */ = {isa = PBXBuildFile; fileRef = 15A41CB71611F26C005A4632 /* Settings.bundle */; };
		27020CA72C2306D4004FBBB9 /* OBXKit.framework in Frameworks */ = {isa = PBXBuildFile; fileRef = 27020CA62C2306D4004FBBB9 /* OBXKit.framework */; };
		27020CA82C2306D4004FBBB9 /* OBXKit.framework in Embed Frameworks */ = {isa = PBXBuildFile; fileRef = 27020CA62C2306D4004FBBB9 /* OBXKit.framework */; settings = {ATTRIBUTES = (CodeSignOnCopy, RemoveHeadersOnCopy, ); }; };
		277978112BED5A79006582A6 /* libz.tbd in Frameworks */ = {isa = PBXBuildFile; fileRef = 277978102BED5A79006582A6 /* libz.tbd */; };
		277978132BED5A86006582A6 /* libsqlite3.tbd in Frameworks */ = {isa = PBXBuildFile; fileRef = 277978122BED5A86006582A6 /* libsqlite3.tbd */; };
		27C9EACB2C2231E4004DAC3D /* OKPoEMMProperties.plist in Resources */ = {isa = PBXBuildFile; fileRef = 27C9EACA2C2231E4004DAC3D /* OKPoEMMProperties.plist */; };
		27C9EACD2C2235AD004DAC3D /* OKAppProperties.plist in Resources */ = {isa = PBXBuildFile; fileRef = 27C9EACC2C2235AD004DAC3D /* OKAppProperties.plist */; };
		57C77BB4203F272F00A28CE7 /* Media.xcassets in Resources */ = {isa = PBXBuildFile; fileRef = 57C77BB3203F272F00A28CE7 /* Media.xcassets */; };
		951C507818905B1A0003744C /* Icon-76.png in Resources */ = {isa = PBXBuildFile; fileRef = 951C507518905B1A0003744C /* Icon-76.png */; };
		951C507918905B1A0003744C /* Icon-120.png in Resources */ = {isa = PBXBuildFile; fileRef = 951C507618905B1A0003744C /* Icon-120.png */; };
		951C507A18905B1A0003744C /* Icon-152.png in Resources */ = {isa = PBXBuildFile; fileRef = 951C507718905B1A0003744C /* Icon-152.png */; };
		9560B49117202BE1005B681C /* Accounts.framework in Frameworks */ = {isa = PBXBuildFile; fileRef = 9560B49017202BE1005B681C /* Accounts.framework */; };
		9560B49317202BEF005B681C /* Social.framework in Frameworks */ = {isa = PBXBuildFile; fileRef = 9560B49217202BEF005B681C /* Social.framework */; };
		95749E2117257254000CD0CC /* Icon-Small-50.png in Resources */ = {isa = PBXBuildFile; fileRef = 95749E1917257253000CD0CC /* Icon-Small-50.png */; };
		95749E2217257254000CD0CC /* Icon-Small-50@2x.png in Resources */ = {isa = PBXBuildFile; fileRef = 95749E1A17257253000CD0CC /* Icon-Small-50@2x.png */; };
		95749E2317257254000CD0CC /* Icon-Small.png in Resources */ = {isa = PBXBuildFile; fileRef = 95749E1B17257253000CD0CC /* Icon-Small.png */; };
		95749E2417257254000CD0CC /* Icon-Small@2x.png in Resources */ = {isa = PBXBuildFile; fileRef = 95749E1C17257253000CD0CC /* Icon-Small@2x.png */; };
		95749E2517257254000CD0CC /* Icon.png in Resources */ = {isa = PBXBuildFile; fileRef = 95749E1D17257253000CD0CC /* Icon.png */; };
		95749E2617257254000CD0CC /* Icon@2x.png in Resources */ = {isa = PBXBuildFile; fileRef = 95749E1E17257253000CD0CC /* Icon@2x.png */; };
		95749E2717257254000CD0CC /* iTunesArtwork.png in Resources */ = {isa = PBXBuildFile; fileRef = 95749E1F17257253000CD0CC /* iTunesArtwork.png */; };
		95749E2817257254000CD0CC /* iTunesArtwork@2x.png in Resources */ = {isa = PBXBuildFile; fileRef = 95749E2017257254000CD0CC /* iTunesArtwork@2x.png */; };
		95749E2E17257265000CD0CC /* Default-568h@2x.png in Resources */ = {isa = PBXBuildFile; fileRef = 95749E2917257265000CD0CC /* Default-568h@2x.png */; };
		95749E2F17257265000CD0CC /* Default-Landscape.png in Resources */ = {isa = PBXBuildFile; fileRef = 95749E2A17257265000CD0CC /* Default-Landscape.png */; };
		95749E3017257265000CD0CC /* Default-Landscape@2x.png in Resources */ = {isa = PBXBuildFile; fileRef = 95749E2B17257265000CD0CC /* Default-Landscape@2x.png */; };
		95749E3117257265000CD0CC /* Default.png in Resources */ = {isa = PBXBuildFile; fileRef = 95749E2C17257265000CD0CC /* Default.png */; };
		95749E3217257265000CD0CC /* Default@2x.png in Resources */ = {isa = PBXBuildFile; fileRef = 95749E2D17257265000CD0CC /* Default@2x.png */; };
		95749E341725729F000CD0CC /* Icon-72.png in Resources */ = {isa = PBXBuildFile; fileRef = 95749E331725729F000CD0CC /* Icon-72.png */; };
		95749E36172572C5000CD0CC /* Icon-72@2x.png in Resources */ = {isa = PBXBuildFile; fileRef = 95749E35172572C5000CD0CC /* Icon-72@2x.png */; };
		95749E3B17258AF8000CD0CC /* know.txt in Resources */ = {isa = PBXBuildFile; fileRef = 95749E3917258AF8000CD0CC /* know.txt */; };
		D288B96B1514F65000AF514D /* AudioToolbox.framework in Frameworks */ = {isa = PBXBuildFile; fileRef = D288B96A1514F65000AF514D /* AudioToolbox.framework */; };
		D288B96D1514F67300AF514D /* StoreKit.framework in Frameworks */ = {isa = PBXBuildFile; fileRef = D288B96C1514F67300AF514D /* StoreKit.framework */; };
		D288B96F1514F67A00AF514D /* CoreTelephony.framework in Frameworks */ = {isa = PBXBuildFile; fileRef = D288B96E1514F67A00AF514D /* CoreTelephony.framework */; };
		D288B9751514F6A100AF514D /* MobileCoreServices.framework in Frameworks */ = {isa = PBXBuildFile; fileRef = D288B9741514F6A100AF514D /* MobileCoreServices.framework */; };
		D288B9771514F6B700AF514D /* CFNetwork.framework in Frameworks */ = {isa = PBXBuildFile; fileRef = D288B9761514F6B700AF514D /* CFNetwork.framework */; };
		D2A339BB1559AFE800EDC553 /* olvr19b.fnt in Resources */ = {isa = PBXBuildFile; fileRef = D2A339771559AFE800EDC553 /* olvr19b.fnt */; };
		D2A339BC1559AFE800EDC553 /* olvr19b.png in Resources */ = {isa = PBXBuildFile; fileRef = D2A339781559AFE800EDC553 /* olvr19b.png */; };
		D2A339BD1559AFE800EDC553 /* olvr19bu.fnt in Resources */ = {isa = PBXBuildFile; fileRef = D2A339791559AFE800EDC553 /* olvr19bu.fnt */; };
		D2A339BE1559AFE800EDC553 /* olvr19bu.png in Resources */ = {isa = PBXBuildFile; fileRef = D2A3397A1559AFE800EDC553 /* olvr19bu.png */; };
		D2A339BF1559AFE800EDC553 /* olvr25b.fnt in Resources */ = {isa = PBXBuildFile; fileRef = D2A3397B1559AFE800EDC553 /* olvr25b.fnt */; };
		D2A339C01559AFE800EDC553 /* olvr25b.png in Resources */ = {isa = PBXBuildFile; fileRef = D2A3397C1559AFE800EDC553 /* olvr25b.png */; };
		D2A339C11559AFE800EDC553 /* olvr25bu.fnt in Resources */ = {isa = PBXBuildFile; fileRef = D2A3397D1559AFE800EDC553 /* olvr25bu.fnt */; };
		D2A339C21559AFE800EDC553 /* olvr25bu.png in Resources */ = {isa = PBXBuildFile; fileRef = D2A3397E1559AFE800EDC553 /* olvr25bu.png */; };
		D2A339C31559AFE800EDC553 /* olvr28b.fnt in Resources */ = {isa = PBXBuildFile; fileRef = D2A3397F1559AFE800EDC553 /* olvr28b.fnt */; };
		D2A339C41559AFE800EDC553 /* olvr28b.png in Resources */ = {isa = PBXBuildFile; fileRef = D2A339801559AFE800EDC553 /* olvr28b.png */; };
		D2A339C51559AFE800EDC553 /* olvr28bu.fnt in Resources */ = {isa = PBXBuildFile; fileRef = D2A339811559AFE800EDC553 /* olvr28bu.fnt */; };
		D2A339C61559AFE800EDC553 /* olvr28bu.png in Resources */ = {isa = PBXBuildFile; fileRef = D2A339821559AFE800EDC553 /* olvr28bu.png */; };
		D2A339C71559AFE800EDC553 /* olvr38b.fnt in Resources */ = {isa = PBXBuildFile; fileRef = D2A339831559AFE800EDC553 /* olvr38b.fnt */; };
		D2A339C81559AFE800EDC553 /* olvr38b.png in Resources */ = {isa = PBXBuildFile; fileRef = D2A339841559AFE800EDC553 /* olvr38b.png */; };
		D2A339C91559AFE800EDC553 /* olvr38bu.fnt in Resources */ = {isa = PBXBuildFile; fileRef = D2A339851559AFE800EDC553 /* olvr38bu.fnt */; };
		D2A339CA1559AFE800EDC553 /* olvr38bu.png in Resources */ = {isa = PBXBuildFile; fileRef = D2A339861559AFE800EDC553 /* olvr38bu.png */; };
		D2A339CB1559AFE800EDC553 /* olvr40b.fnt in Resources */ = {isa = PBXBuildFile; fileRef = D2A339871559AFE800EDC553 /* olvr40b.fnt */; };
		D2A339CC1559AFE800EDC553 /* olvr40b.png in Resources */ = {isa = PBXBuildFile; fileRef = D2A339881559AFE800EDC553 /* olvr40b.png */; };
		D2A339CD1559AFE800EDC553 /* olvr40bu.fnt in Resources */ = {isa = PBXBuildFile; fileRef = D2A339891559AFE800EDC553 /* olvr40bu.fnt */; };
		D2A339CE1559AFE800EDC553 /* olvr40bu.png in Resources */ = {isa = PBXBuildFile; fileRef = D2A3398A1559AFE800EDC553 /* olvr40bu.png */; };
		D2A339CF1559AFE800EDC553 /* olvr50b.fnt in Resources */ = {isa = PBXBuildFile; fileRef = D2A3398B1559AFE800EDC553 /* olvr50b.fnt */; };
		D2A339D01559AFE800EDC553 /* olvr50b.png in Resources */ = {isa = PBXBuildFile; fileRef = D2A3398C1559AFE800EDC553 /* olvr50b.png */; };
		D2A339D11559AFE800EDC553 /* olvr50bu.fnt in Resources */ = {isa = PBXBuildFile; fileRef = D2A3398D1559AFE800EDC553 /* olvr50bu.fnt */; };
		D2A339D21559AFE800EDC553 /* olvr50bu.png in Resources */ = {isa = PBXBuildFile; fileRef = D2A3398E1559AFE800EDC553 /* olvr50bu.png */; };
		D2A339D31559AFE800EDC553 /* olvr54b.fnt in Resources */ = {isa = PBXBuildFile; fileRef = D2A3398F1559AFE800EDC553 /* olvr54b.fnt */; };
		D2A339D41559AFE800EDC553 /* olvr54b.png in Resources */ = {isa = PBXBuildFile; fileRef = D2A339901559AFE800EDC553 /* olvr54b.png */; };
		D2A339D51559AFE800EDC553 /* olvr54bu.fnt in Resources */ = {isa = PBXBuildFile; fileRef = D2A339911559AFE800EDC553 /* olvr54bu.fnt */; };
		D2A339D61559AFE800EDC553 /* olvr54bu.png in Resources */ = {isa = PBXBuildFile; fileRef = D2A339921559AFE800EDC553 /* olvr54bu.png */; };
		D2A339D71559AFE800EDC553 /* olvr56b.fnt in Resources */ = {isa = PBXBuildFile; fileRef = D2A339931559AFE800EDC553 /* olvr56b.fnt */; };
		D2A339D81559AFE800EDC553 /* olvr56b.png in Resources */ = {isa = PBXBuildFile; fileRef = D2A339941559AFE800EDC553 /* olvr56b.png */; };
		D2A339D91559AFE800EDC553 /* olvr56bu.fnt in Resources */ = {isa = PBXBuildFile; fileRef = D2A339951559AFE800EDC553 /* olvr56bu.fnt */; };
		D2A339DA1559AFE800EDC553 /* olvr56bu.png in Resources */ = {isa = PBXBuildFile; fileRef = D2A339961559AFE800EDC553 /* olvr56bu.png */; };
		D2A339DB1559AFE800EDC553 /* olvr62b.fnt in Resources */ = {isa = PBXBuildFile; fileRef = D2A339971559AFE800EDC553 /* olvr62b.fnt */; };
		D2A339DC1559AFE800EDC553 /* olvr62b.png in Resources */ = {isa = PBXBuildFile; fileRef = D2A339981559AFE800EDC553 /* olvr62b.png */; };
		D2A339DD1559AFE800EDC553 /* olvr62bu.fnt in Resources */ = {isa = PBXBuildFile; fileRef = D2A339991559AFE800EDC553 /* olvr62bu.fnt */; };
		D2A339DE1559AFE800EDC553 /* olvr62bu.png in Resources */ = {isa = PBXBuildFile; fileRef = D2A3399A1559AFE800EDC553 /* olvr62bu.png */; };
		D2A339DF1559AFE800EDC553 /* olvr76b.fnt in Resources */ = {isa = PBXBuildFile; fileRef = D2A3399B1559AFE800EDC553 /* olvr76b.fnt */; };
		D2A339E01559AFE800EDC553 /* olvr76b.png in Resources */ = {isa = PBXBuildFile; fileRef = D2A3399C1559AFE800EDC553 /* olvr76b.png */; };
		D2A339E11559AFE800EDC553 /* olvr76bu.fnt in Resources */ = {isa = PBXBuildFile; fileRef = D2A3399D1559AFE800EDC553 /* olvr76bu.fnt */; };
		D2A339E21559AFE800EDC553 /* olvr76bu.png in Resources */ = {isa = PBXBuildFile; fileRef = D2A3399E1559AFE800EDC553 /* olvr76bu.png */; };
		D2A339E31559AFE800EDC553 /* olvr81b.fnt in Resources */ = {isa = PBXBuildFile; fileRef = D2A3399F1559AFE800EDC553 /* olvr81b.fnt */; };
		D2A339E41559AFE800EDC553 /* olvr81b.png in Resources */ = {isa = PBXBuildFile; fileRef = D2A339A01559AFE800EDC553 /* olvr81b.png */; };
		D2A339E51559AFE800EDC553 /* olvr81bu.fnt in Resources */ = {isa = PBXBuildFile; fileRef = D2A339A11559AFE800EDC553 /* olvr81bu.fnt */; };
		D2A339E61559AFE800EDC553 /* olvr81bu.png in Resources */ = {isa = PBXBuildFile; fileRef = D2A339A21559AFE800EDC553 /* olvr81bu.png */; };
		D2A339E71559AFE800EDC553 /* olvr85b.fnt in Resources */ = {isa = PBXBuildFile; fileRef = D2A339A31559AFE800EDC553 /* olvr85b.fnt */; };
		D2A339E81559AFE800EDC553 /* olvr85b.png in Resources */ = {isa = PBXBuildFile; fileRef = D2A339A41559AFE800EDC553 /* olvr85b.png */; };
		D2A339E91559AFE800EDC553 /* olvr85bu.fnt in Resources */ = {isa = PBXBuildFile; fileRef = D2A339A51559AFE800EDC553 /* olvr85bu.fnt */; };
		D2A339EA1559AFE800EDC553 /* olvr85bu.png in Resources */ = {isa = PBXBuildFile; fileRef = D2A339A61559AFE800EDC553 /* olvr85bu.png */; };
		D2A339EB1559AFE800EDC553 /* olvr95b.fnt in Resources */ = {isa = PBXBuildFile; fileRef = D2A339A71559AFE800EDC553 /* olvr95b.fnt */; };
		D2A339EC1559AFE800EDC553 /* olvr95b.png in Resources */ = {isa = PBXBuildFile; fileRef = D2A339A81559AFE800EDC553 /* olvr95b.png */; };
		D2A339ED1559AFE800EDC553 /* olvr95bu.fnt in Resources */ = {isa = PBXBuildFile; fileRef = D2A339A91559AFE800EDC553 /* olvr95bu.fnt */; };
		D2A339EE1559AFE800EDC553 /* olvr95bu.png in Resources */ = {isa = PBXBuildFile; fileRef = D2A339AA1559AFE800EDC553 /* olvr95bu.png */; };
		D2A339EF1559AFE800EDC553 /* olvr100b.fnt in Resources */ = {isa = PBXBuildFile; fileRef = D2A339AB1559AFE800EDC553 /* olvr100b.fnt */; };
		D2A339F01559AFE800EDC553 /* olvr100b.png in Resources */ = {isa = PBXBuildFile; fileRef = D2A339AC1559AFE800EDC553 /* olvr100b.png */; };
		D2A339F11559AFE800EDC553 /* olvr100bu.fnt in Resources */ = {isa = PBXBuildFile; fileRef = D2A339AD1559AFE800EDC553 /* olvr100bu.fnt */; };
		D2A339F21559AFE800EDC553 /* olvr100bu.png in Resources */ = {isa = PBXBuildFile; fileRef = D2A339AE1559AFE800EDC553 /* olvr100bu.png */; };
		D2A339F31559AFE800EDC553 /* olvr105b.fnt in Resources */ = {isa = PBXBuildFile; fileRef = D2A339AF1559AFE800EDC553 /* olvr105b.fnt */; };
		D2A339F41559AFE800EDC553 /* olvr105b.png in Resources */ = {isa = PBXBuildFile; fileRef = D2A339B01559AFE800EDC553 /* olvr105b.png */; };
		D2A339F51559AFE800EDC553 /* olvr105bu.fnt in Resources */ = {isa = PBXBuildFile; fileRef = D2A339B11559AFE800EDC553 /* olvr105bu.fnt */; };
		D2A339F61559AFE800EDC553 /* olvr105bu.png in Resources */ = {isa = PBXBuildFile; fileRef = D2A339B21559AFE800EDC553 /* olvr105bu.png */; };
		D2A339F71559AFE800EDC553 /* olvr112b.fnt in Resources */ = {isa = PBXBuildFile; fileRef = D2A339B31559AFE800EDC553 /* olvr112b.fnt */; };
		D2A339F81559AFE800EDC553 /* olvr112b.png in Resources */ = {isa = PBXBuildFile; fileRef = D2A339B41559AFE800EDC553 /* olvr112b.png */; };
		D2A339F91559AFE800EDC553 /* olvr112bu.fnt in Resources */ = {isa = PBXBuildFile; fileRef = D2A339B51559AFE800EDC553 /* olvr112bu.fnt */; };
		D2A339FA1559AFE800EDC553 /* olvr112bu.png in Resources */ = {isa = PBXBuildFile; fileRef = D2A339B61559AFE800EDC553 /* olvr112bu.png */; };
		D2A339FB1559AFE800EDC553 /* olvr124b.fnt in Resources */ = {isa = PBXBuildFile; fileRef = D2A339B71559AFE800EDC553 /* olvr124b.fnt */; };
		D2A339FC1559AFE800EDC553 /* olvr124b.png in Resources */ = {isa = PBXBuildFile; fileRef = D2A339B81559AFE800EDC553 /* olvr124b.png */; };
		D2A339FD1559AFE800EDC553 /* olvr124bu.fnt in Resources */ = {isa = PBXBuildFile; fileRef = D2A339B91559AFE800EDC553 /* olvr124bu.fnt */; };
		D2A339FE1559AFE800EDC553 /* olvr124bu.png in Resources */ = {isa = PBXBuildFile; fileRef = D2A339BA1559AFE800EDC553 /* olvr124bu.png */; };
		D2B5A579139E7A7400461428 /* UIKit.framework in Frameworks */ = {isa = PBXBuildFile; fileRef = D2B5A578139E7A7400461428 /* UIKit.framework */; };
		D2B5A57B139E7A7400461428 /* Foundation.framework in Frameworks */ = {isa = PBXBuildFile; fileRef = D2B5A57A139E7A7400461428 /* Foundation.framework */; };
		D2B5A57D139E7A7400461428 /* CoreGraphics.framework in Frameworks */ = {isa = PBXBuildFile; fileRef = D2B5A57C139E7A7400461428 /* CoreGraphics.framework */; };
		D2B5A583139E7A7400461428 /* InfoPlist.strings in Resources */ = {isa = PBXBuildFile; fileRef = D2B5A581139E7A7400461428 /* InfoPlist.strings */; };
		D2B5A586139E7A7400461428 /* main.m in Sources */ = {isa = PBXBuildFile; fileRef = D2B5A585139E7A7400461428 /* main.m */; settings = {COMPILER_FLAGS = "-fno-objc-arc"; }; };
		D2B5A589139E7A7500461428 /* BuzzAldrinAppDelegate.m in Sources */ = {isa = PBXBuildFile; fileRef = D2B5A588139E7A7500461428 /* BuzzAldrinAppDelegate.m */; settings = {COMPILER_FLAGS = "-fno-objc-arc"; }; };
		D2B5A6BD139E7DE300461428 /* MessageUI.framework in Frameworks */ = {isa = PBXBuildFile; fileRef = D2B5A6B8139E7DE300461428 /* MessageUI.framework */; };
		D2B5A6BE139E7DE300461428 /* OpenGLES.framework in Frameworks */ = {isa = PBXBuildFile; fileRef = D2B5A6B9139E7DE300461428 /* OpenGLES.framework */; };
		D2B5A6BF139E7DE300461428 /* QuartzCore.framework in Frameworks */ = {isa = PBXBuildFile; fileRef = D2B5A6BA139E7DE300461428 /* QuartzCore.framework */; };
		D2B5A6C0139E7DE300461428 /* Security.framework in Frameworks */ = {isa = PBXBuildFile; fileRef = D2B5A6BB139E7DE300461428 /* Security.framework */; };
		D2B5A6C1139E7DE300461428 /* SystemConfiguration.framework in Frameworks */ = {isa = PBXBuildFile; fileRef = D2B5A6BC139E7DE300461428 /* SystemConfiguration.framework */; };
		D2C39608153C3A0900866071 /* MapKit.framework in Frameworks */ = {isa = PBXBuildFile; fileRef = D2C39607153C3A0900866071 /* MapKit.framework */; };
		D2C3960A153C3A2300866071 /* CoreLocation.framework in Frameworks */ = {isa = PBXBuildFile; fileRef = D2C39609153C3A2300866071 /* CoreLocation.framework */; };
/* End PBXBuildFile section */

/* Begin PBXCopyFilesBuildPhase section */
		2771202B2C1A367E00FCF7C8 /* Embed Frameworks */ = {
			isa = PBXCopyFilesBuildPhase;
			buildActionMask = 2147483647;
			dstPath = "";
			dstSubfolderSpec = 10;
			files = (
				27020CA82C2306D4004FBBB9 /* OBXKit.framework in Embed Frameworks */,
			);
			name = "Embed Frameworks";
			runOnlyForDeploymentPostprocessing = 0;
		};
/* End PBXCopyFilesBuildPhase section */

/* Begin PBXFileReference section */
		15484C9215FE89F200E4EC5E /* olvr190b.fnt */ = {isa = PBXFileReference; fileEncoding = 4; lastKnownFileType = text; path = olvr190b.fnt; sourceTree = "<group>"; };
		15484C9315FE89F200E4EC5E /* olvr190b.png */ = {isa = PBXFileReference; lastKnownFileType = image.png; path = olvr190b.png; sourceTree = "<group>"; };
		15484C9415FE89F200E4EC5E /* olvr190bu.fnt */ = {isa = PBXFileReference; fileEncoding = 4; lastKnownFileType = text; path = olvr190bu.fnt; sourceTree = "<group>"; };
		15484C9515FE89F200E4EC5E /* olvr190bu.png */ = {isa = PBXFileReference; lastKnownFileType = image.png; path = olvr190bu.png; sourceTree = "<group>"; };
		15A41CB71611F26C005A4632 /* Settings.bundle */ = {isa = PBXFileReference; lastKnownFileType = "wrapper.plug-in"; path = Settings.bundle; sourceTree = "<group>"; };
		27020CA62C2306D4004FBBB9 /* OBXKit.framework */ = {isa = PBXFileReference; explicitFileType = wrapper.framework; path = OBXKit.framework; sourceTree = BUILT_PRODUCTS_DIR; };
		277978102BED5A79006582A6 /* libz.tbd */ = {isa = PBXFileReference; lastKnownFileType = "sourcecode.text-based-dylib-definition"; name = libz.tbd; path = usr/lib/libz.tbd; sourceTree = SDKROOT; };
		277978122BED5A86006582A6 /* libsqlite3.tbd */ = {isa = PBXFileReference; lastKnownFileType = "sourcecode.text-based-dylib-definition"; name = libsqlite3.tbd; path = usr/lib/libsqlite3.tbd; sourceTree = SDKROOT; };
		27C9EACA2C2231E4004DAC3D /* OKPoEMMProperties.plist */ = {isa = PBXFileReference; lastKnownFileType = text.plist.xml; path = OKPoEMMProperties.plist; sourceTree = "<group>"; };
		27C9EACC2C2235AD004DAC3D /* OKAppProperties.plist */ = {isa = PBXFileReference; lastKnownFileType = text.plist.xml; path = OKAppProperties.plist; sourceTree = "<group>"; };
		570E92952045A58E004526EF /* BuzzAldrin.entitlements */ = {isa = PBXFileReference; lastKnownFileType = text.plist.entitlements; path = BuzzAldrin.entitlements; sourceTree = "<group>"; };
		57C77BB3203F272F00A28CE7 /* Media.xcassets */ = {isa = PBXFileReference; lastKnownFileType = folder.assetcatalog; name = Media.xcassets; path = Resources/Media.xcassets; sourceTree = "<group>"; };
		951C507518905B1A0003744C /* Icon-76.png */ = {isa = PBXFileReference; lastKnownFileType = image.png; path = "Icon-76.png"; sourceTree = "<group>"; };
		951C507618905B1A0003744C /* Icon-120.png */ = {isa = PBXFileReference; lastKnownFileType = image.png; path = "Icon-120.png"; sourceTree = "<group>"; };
		951C507718905B1A0003744C /* Icon-152.png */ = {isa = PBXFileReference; lastKnownFileType = image.png; path = "Icon-152.png"; sourceTree = "<group>"; };
		9552F12A1727151A0049E27E /* Icon.png */ = {isa = PBXFileReference; lastKnownFileType = image.png; path = Icon.png; sourceTree = "<group>"; };
		9560B49017202BE1005B681C /* Accounts.framework */ = {isa = PBXFileReference; lastKnownFileType = wrapper.framework; name = Accounts.framework; path = System/Library/Frameworks/Accounts.framework; sourceTree = SDKROOT; };
		9560B49217202BEF005B681C /* Social.framework */ = {isa = PBXFileReference; lastKnownFileType = wrapper.framework; name = Social.framework; path = System/Library/Frameworks/Social.framework; sourceTree = SDKROOT; };
		95749E1917257253000CD0CC /* Icon-Small-50.png */ = {isa = PBXFileReference; lastKnownFileType = image.png; path = "Icon-Small-50.png"; sourceTree = "<group>"; };
		95749E1A17257253000CD0CC /* Icon-Small-50@2x.png */ = {isa = PBXFileReference; lastKnownFileType = image.png; path = "Icon-Small-50@2x.png"; sourceTree = "<group>"; };
		95749E1B17257253000CD0CC /* Icon-Small.png */ = {isa = PBXFileReference; lastKnownFileType = image.png; path = "Icon-Small.png"; sourceTree = "<group>"; };
		95749E1C17257253000CD0CC /* Icon-Small@2x.png */ = {isa = PBXFileReference; lastKnownFileType = image.png; path = "Icon-Small@2x.png"; sourceTree = "<group>"; };
		95749E1D17257253000CD0CC /* Icon.png */ = {isa = PBXFileReference; lastKnownFileType = image.png; path = Icon.png; sourceTree = "<group>"; };
		95749E1E17257253000CD0CC /* Icon@2x.png */ = {isa = PBXFileReference; lastKnownFileType = image.png; path = "Icon@2x.png"; sourceTree = "<group>"; };
		95749E1F17257253000CD0CC /* iTunesArtwork.png */ = {isa = PBXFileReference; lastKnownFileType = image.png; path = iTunesArtwork.png; sourceTree = "<group>"; };
		95749E2017257254000CD0CC /* iTunesArtwork@2x.png */ = {isa = PBXFileReference; lastKnownFileType = image.png; path = "iTunesArtwork@2x.png"; sourceTree = "<group>"; };
		95749E2917257265000CD0CC /* Default-568h@2x.png */ = {isa = PBXFileReference; lastKnownFileType = image.png; path = "Default-568h@2x.png"; sourceTree = "<group>"; };
		95749E2A17257265000CD0CC /* Default-Landscape.png */ = {isa = PBXFileReference; lastKnownFileType = image.png; path = "Default-Landscape.png"; sourceTree = "<group>"; };
		95749E2B17257265000CD0CC /* Default-Landscape@2x.png */ = {isa = PBXFileReference; lastKnownFileType = image.png; path = "Default-Landscape@2x.png"; sourceTree = "<group>"; };
		95749E2C17257265000CD0CC /* Default.png */ = {isa = PBXFileReference; lastKnownFileType = image.png; path = Default.png; sourceTree = "<group>"; };
		95749E2D17257265000CD0CC /* Default@2x.png */ = {isa = PBXFileReference; lastKnownFileType = image.png; path = "Default@2x.png"; sourceTree = "<group>"; };
		95749E331725729F000CD0CC /* Icon-72.png */ = {isa = PBXFileReference; lastKnownFileType = image.png; path = "Icon-72.png"; sourceTree = "<group>"; };
		95749E35172572C5000CD0CC /* Icon-72@2x.png */ = {isa = PBXFileReference; lastKnownFileType = image.png; path = "Icon-72@2x.png"; sourceTree = "<group>"; };
		95749E3917258AF8000CD0CC /* know.txt */ = {isa = PBXFileReference; fileEncoding = 4; lastKnownFileType = text; name = know.txt; path = Texts/know.txt; sourceTree = "<group>"; };
		D27FD130139EA86600191796 /* buzzAldrin.txt */ = {isa = PBXFileReference; explicitFileType = text; fileEncoding = 4; path = buzzAldrin.txt; sourceTree = "<group>"; };
		D288B96A1514F65000AF514D /* AudioToolbox.framework */ = {isa = PBXFileReference; lastKnownFileType = wrapper.framework; name = AudioToolbox.framework; path = System/Library/Frameworks/AudioToolbox.framework; sourceTree = SDKROOT; };
		D288B96C1514F67300AF514D /* StoreKit.framework */ = {isa = PBXFileReference; lastKnownFileType = wrapper.framework; name = StoreKit.framework; path = System/Library/Frameworks/StoreKit.framework; sourceTree = SDKROOT; };
		D288B96E1514F67A00AF514D /* CoreTelephony.framework */ = {isa = PBXFileReference; lastKnownFileType = wrapper.framework; name = CoreTelephony.framework; path = System/Library/Frameworks/CoreTelephony.framework; sourceTree = SDKROOT; };
		D288B9741514F6A100AF514D /* MobileCoreServices.framework */ = {isa = PBXFileReference; lastKnownFileType = wrapper.framework; name = MobileCoreServices.framework; path = System/Library/Frameworks/MobileCoreServices.framework; sourceTree = SDKROOT; };
		D288B9761514F6B700AF514D /* CFNetwork.framework */ = {isa = PBXFileReference; lastKnownFileType = wrapper.framework; name = CFNetwork.framework; path = System/Library/Frameworks/CFNetwork.framework; sourceTree = SDKROOT; };
		D2A339771559AFE800EDC553 /* olvr19b.fnt */ = {isa = PBXFileReference; fileEncoding = 4; lastKnownFileType = text; path = olvr19b.fnt; sourceTree = "<group>"; };
		D2A339781559AFE800EDC553 /* olvr19b.png */ = {isa = PBXFileReference; lastKnownFileType = image.png; path = olvr19b.png; sourceTree = "<group>"; };
		D2A339791559AFE800EDC553 /* olvr19bu.fnt */ = {isa = PBXFileReference; fileEncoding = 4; lastKnownFileType = text; path = olvr19bu.fnt; sourceTree = "<group>"; };
		D2A3397A1559AFE800EDC553 /* olvr19bu.png */ = {isa = PBXFileReference; lastKnownFileType = image.png; path = olvr19bu.png; sourceTree = "<group>"; };
		D2A3397B1559AFE800EDC553 /* olvr25b.fnt */ = {isa = PBXFileReference; fileEncoding = 4; lastKnownFileType = text; path = olvr25b.fnt; sourceTree = "<group>"; };
		D2A3397C1559AFE800EDC553 /* olvr25b.png */ = {isa = PBXFileReference; lastKnownFileType = image.png; path = olvr25b.png; sourceTree = "<group>"; };
		D2A3397D1559AFE800EDC553 /* olvr25bu.fnt */ = {isa = PBXFileReference; fileEncoding = 4; lastKnownFileType = text; path = olvr25bu.fnt; sourceTree = "<group>"; };
		D2A3397E1559AFE800EDC553 /* olvr25bu.png */ = {isa = PBXFileReference; lastKnownFileType = image.png; path = olvr25bu.png; sourceTree = "<group>"; };
		D2A3397F1559AFE800EDC553 /* olvr28b.fnt */ = {isa = PBXFileReference; fileEncoding = 4; lastKnownFileType = text; path = olvr28b.fnt; sourceTree = "<group>"; };
		D2A339801559AFE800EDC553 /* olvr28b.png */ = {isa = PBXFileReference; lastKnownFileType = image.png; path = olvr28b.png; sourceTree = "<group>"; };
		D2A339811559AFE800EDC553 /* olvr28bu.fnt */ = {isa = PBXFileReference; fileEncoding = 4; lastKnownFileType = text; path = olvr28bu.fnt; sourceTree = "<group>"; };
		D2A339821559AFE800EDC553 /* olvr28bu.png */ = {isa = PBXFileReference; lastKnownFileType = image.png; path = olvr28bu.png; sourceTree = "<group>"; };
		D2A339831559AFE800EDC553 /* olvr38b.fnt */ = {isa = PBXFileReference; fileEncoding = 4; lastKnownFileType = text; path = olvr38b.fnt; sourceTree = "<group>"; };
		D2A339841559AFE800EDC553 /* olvr38b.png */ = {isa = PBXFileReference; lastKnownFileType = image.png; path = olvr38b.png; sourceTree = "<group>"; };
		D2A339851559AFE800EDC553 /* olvr38bu.fnt */ = {isa = PBXFileReference; fileEncoding = 4; lastKnownFileType = text; path = olvr38bu.fnt; sourceTree = "<group>"; };
		D2A339861559AFE800EDC553 /* olvr38bu.png */ = {isa = PBXFileReference; lastKnownFileType = image.png; path = olvr38bu.png; sourceTree = "<group>"; };
		D2A339871559AFE800EDC553 /* olvr40b.fnt */ = {isa = PBXFileReference; fileEncoding = 4; lastKnownFileType = text; path = olvr40b.fnt; sourceTree = "<group>"; };
		D2A339881559AFE800EDC553 /* olvr40b.png */ = {isa = PBXFileReference; lastKnownFileType = image.png; path = olvr40b.png; sourceTree = "<group>"; };
		D2A339891559AFE800EDC553 /* olvr40bu.fnt */ = {isa = PBXFileReference; fileEncoding = 4; lastKnownFileType = text; path = olvr40bu.fnt; sourceTree = "<group>"; };
		D2A3398A1559AFE800EDC553 /* olvr40bu.png */ = {isa = PBXFileReference; lastKnownFileType = image.png; path = olvr40bu.png; sourceTree = "<group>"; };
		D2A3398B1559AFE800EDC553 /* olvr50b.fnt */ = {isa = PBXFileReference; fileEncoding = 4; lastKnownFileType = text; path = olvr50b.fnt; sourceTree = "<group>"; };
		D2A3398C1559AFE800EDC553 /* olvr50b.png */ = {isa = PBXFileReference; lastKnownFileType = image.png; path = olvr50b.png; sourceTree = "<group>"; };
		D2A3398D1559AFE800EDC553 /* olvr50bu.fnt */ = {isa = PBXFileReference; fileEncoding = 4; lastKnownFileType = text; path = olvr50bu.fnt; sourceTree = "<group>"; };
		D2A3398E1559AFE800EDC553 /* olvr50bu.png */ = {isa = PBXFileReference; lastKnownFileType = image.png; path = olvr50bu.png; sourceTree = "<group>"; };
		D2A3398F1559AFE800EDC553 /* olvr54b.fnt */ = {isa = PBXFileReference; fileEncoding = 4; lastKnownFileType = text; path = olvr54b.fnt; sourceTree = "<group>"; };
		D2A339901559AFE800EDC553 /* olvr54b.png */ = {isa = PBXFileReference; lastKnownFileType = image.png; path = olvr54b.png; sourceTree = "<group>"; };
		D2A339911559AFE800EDC553 /* olvr54bu.fnt */ = {isa = PBXFileReference; fileEncoding = 4; lastKnownFileType = text; path = olvr54bu.fnt; sourceTree = "<group>"; };
		D2A339921559AFE800EDC553 /* olvr54bu.png */ = {isa = PBXFileReference; lastKnownFileType = image.png; path = olvr54bu.png; sourceTree = "<group>"; };
		D2A339931559AFE800EDC553 /* olvr56b.fnt */ = {isa = PBXFileReference; fileEncoding = 4; lastKnownFileType = text; path = olvr56b.fnt; sourceTree = "<group>"; };
		D2A339941559AFE800EDC553 /* olvr56b.png */ = {isa = PBXFileReference; lastKnownFileType = image.png; path = olvr56b.png; sourceTree = "<group>"; };
		D2A339951559AFE800EDC553 /* olvr56bu.fnt */ = {isa = PBXFileReference; fileEncoding = 4; lastKnownFileType = text; path = olvr56bu.fnt; sourceTree = "<group>"; };
		D2A339961559AFE800EDC553 /* olvr56bu.png */ = {isa = PBXFileReference; lastKnownFileType = image.png; path = olvr56bu.png; sourceTree = "<group>"; };
		D2A339971559AFE800EDC553 /* olvr62b.fnt */ = {isa = PBXFileReference; fileEncoding = 4; lastKnownFileType = text; path = olvr62b.fnt; sourceTree = "<group>"; };
		D2A339981559AFE800EDC553 /* olvr62b.png */ = {isa = PBXFileReference; lastKnownFileType = image.png; path = olvr62b.png; sourceTree = "<group>"; };
		D2A339991559AFE800EDC553 /* olvr62bu.fnt */ = {isa = PBXFileReference; fileEncoding = 4; lastKnownFileType = text; path = olvr62bu.fnt; sourceTree = "<group>"; };
		D2A3399A1559AFE800EDC553 /* olvr62bu.png */ = {isa = PBXFileReference; lastKnownFileType = image.png; path = olvr62bu.png; sourceTree = "<group>"; };
		D2A3399B1559AFE800EDC553 /* olvr76b.fnt */ = {isa = PBXFileReference; fileEncoding = 4; lastKnownFileType = text; path = olvr76b.fnt; sourceTree = "<group>"; };
		D2A3399C1559AFE800EDC553 /* olvr76b.png */ = {isa = PBXFileReference; lastKnownFileType = image.png; path = olvr76b.png; sourceTree = "<group>"; };
		D2A3399D1559AFE800EDC553 /* olvr76bu.fnt */ = {isa = PBXFileReference; fileEncoding = 4; lastKnownFileType = text; path = olvr76bu.fnt; sourceTree = "<group>"; };
		D2A3399E1559AFE800EDC553 /* olvr76bu.png */ = {isa = PBXFileReference; lastKnownFileType = image.png; path = olvr76bu.png; sourceTree = "<group>"; };
		D2A3399F1559AFE800EDC553 /* olvr81b.fnt */ = {isa = PBXFileReference; fileEncoding = 4; lastKnownFileType = text; path = olvr81b.fnt; sourceTree = "<group>"; };
		D2A339A01559AFE800EDC553 /* olvr81b.png */ = {isa = PBXFileReference; lastKnownFileType = image.png; path = olvr81b.png; sourceTree = "<group>"; };
		D2A339A11559AFE800EDC553 /* olvr81bu.fnt */ = {isa = PBXFileReference; fileEncoding = 4; lastKnownFileType = text; path = olvr81bu.fnt; sourceTree = "<group>"; };
		D2A339A21559AFE800EDC553 /* olvr81bu.png */ = {isa = PBXFileReference; lastKnownFileType = image.png; path = olvr81bu.png; sourceTree = "<group>"; };
		D2A339A31559AFE800EDC553 /* olvr85b.fnt */ = {isa = PBXFileReference; fileEncoding = 4; lastKnownFileType = text; path = olvr85b.fnt; sourceTree = "<group>"; };
		D2A339A41559AFE800EDC553 /* olvr85b.png */ = {isa = PBXFileReference; lastKnownFileType = image.png; path = olvr85b.png; sourceTree = "<group>"; };
		D2A339A51559AFE800EDC553 /* olvr85bu.fnt */ = {isa = PBXFileReference; fileEncoding = 4; lastKnownFileType = text; path = olvr85bu.fnt; sourceTree = "<group>"; };
		D2A339A61559AFE800EDC553 /* olvr85bu.png */ = {isa = PBXFileReference; lastKnownFileType = image.png; path = olvr85bu.png; sourceTree = "<group>"; };
		D2A339A71559AFE800EDC553 /* olvr95b.fnt */ = {isa = PBXFileReference; fileEncoding = 4; lastKnownFileType = text; path = olvr95b.fnt; sourceTree = "<group>"; };
		D2A339A81559AFE800EDC553 /* olvr95b.png */ = {isa = PBXFileReference; lastKnownFileType = image.png; path = olvr95b.png; sourceTree = "<group>"; };
		D2A339A91559AFE800EDC553 /* olvr95bu.fnt */ = {isa = PBXFileReference; fileEncoding = 4; lastKnownFileType = text; path = olvr95bu.fnt; sourceTree = "<group>"; };
		D2A339AA1559AFE800EDC553 /* olvr95bu.png */ = {isa = PBXFileReference; lastKnownFileType = image.png; path = olvr95bu.png; sourceTree = "<group>"; };
		D2A339AB1559AFE800EDC553 /* olvr100b.fnt */ = {isa = PBXFileReference; fileEncoding = 4; lastKnownFileType = text; path = olvr100b.fnt; sourceTree = "<group>"; };
		D2A339AC1559AFE800EDC553 /* olvr100b.png */ = {isa = PBXFileReference; lastKnownFileType = image.png; path = olvr100b.png; sourceTree = "<group>"; };
		D2A339AD1559AFE800EDC553 /* olvr100bu.fnt */ = {isa = PBXFileReference; fileEncoding = 4; lastKnownFileType = text; path = olvr100bu.fnt; sourceTree = "<group>"; };
		D2A339AE1559AFE800EDC553 /* olvr100bu.png */ = {isa = PBXFileReference; lastKnownFileType = image.png; path = olvr100bu.png; sourceTree = "<group>"; };
		D2A339AF1559AFE800EDC553 /* olvr105b.fnt */ = {isa = PBXFileReference; fileEncoding = 4; lastKnownFileType = text; path = olvr105b.fnt; sourceTree = "<group>"; };
		D2A339B01559AFE800EDC553 /* olvr105b.png */ = {isa = PBXFileReference; lastKnownFileType = image.png; path = olvr105b.png; sourceTree = "<group>"; };
		D2A339B11559AFE800EDC553 /* olvr105bu.fnt */ = {isa = PBXFileReference; fileEncoding = 4; lastKnownFileType = text; path = olvr105bu.fnt; sourceTree = "<group>"; };
		D2A339B21559AFE800EDC553 /* olvr105bu.png */ = {isa = PBXFileReference; lastKnownFileType = image.png; path = olvr105bu.png; sourceTree = "<group>"; };
		D2A339B31559AFE800EDC553 /* olvr112b.fnt */ = {isa = PBXFileReference; fileEncoding = 4; lastKnownFileType = text; path = olvr112b.fnt; sourceTree = "<group>"; };
		D2A339B41559AFE800EDC553 /* olvr112b.png */ = {isa = PBXFileReference; lastKnownFileType = image.png; path = olvr112b.png; sourceTree = "<group>"; };
		D2A339B51559AFE800EDC553 /* olvr112bu.fnt */ = {isa = PBXFileReference; fileEncoding = 4; lastKnownFileType = text; path = olvr112bu.fnt; sourceTree = "<group>"; };
		D2A339B61559AFE800EDC553 /* olvr112bu.png */ = {isa = PBXFileReference; lastKnownFileType = image.png; path = olvr112bu.png; sourceTree = "<group>"; };
		D2A339B71559AFE800EDC553 /* olvr124b.fnt */ = {isa = PBXFileReference; fileEncoding = 4; lastKnownFileType = text; path = olvr124b.fnt; sourceTree = "<group>"; };
		D2A339B81559AFE800EDC553 /* olvr124b.png */ = {isa = PBXFileReference; lastKnownFileType = image.png; path = olvr124b.png; sourceTree = "<group>"; };
		D2A339B91559AFE800EDC553 /* olvr124bu.fnt */ = {isa = PBXFileReference; fileEncoding = 4; lastKnownFileType = text; path = olvr124bu.fnt; sourceTree = "<group>"; };
		D2A339BA1559AFE800EDC553 /* olvr124bu.png */ = {isa = PBXFileReference; lastKnownFileType = image.png; path = olvr124bu.png; sourceTree = "<group>"; };
		D2B5A574139E7A7400461428 /* BuzzAldrin.app */ = {isa = PBXFileReference; explicitFileType = wrapper.application; includeInIndex = 0; path = BuzzAldrin.app; sourceTree = BUILT_PRODUCTS_DIR; };
		D2B5A578139E7A7400461428 /* UIKit.framework */ = {isa = PBXFileReference; lastKnownFileType = wrapper.framework; name = UIKit.framework; path = System/Library/Frameworks/UIKit.framework; sourceTree = SDKROOT; };
		D2B5A57A139E7A7400461428 /* Foundation.framework */ = {isa = PBXFileReference; lastKnownFileType = wrapper.framework; name = Foundation.framework; path = System/Library/Frameworks/Foundation.framework; sourceTree = SDKROOT; };
		D2B5A57C139E7A7400461428 /* CoreGraphics.framework */ = {isa = PBXFileReference; lastKnownFileType = wrapper.framework; name = CoreGraphics.framework; path = System/Library/Frameworks/CoreGraphics.framework; sourceTree = SDKROOT; };
		D2B5A580139E7A7400461428 /* BuzzAldrin-Info.plist */ = {isa = PBXFileReference; lastKnownFileType = text.plist.xml; path = "BuzzAldrin-Info.plist"; sourceTree = "<group>"; };
		D2B5A582139E7A7400461428 /* en */ = {isa = PBXFileReference; lastKnownFileType = text.plist.strings; name = en; path = en.lproj/InfoPlist.strings; sourceTree = "<group>"; };
		D2B5A584139E7A7400461428 /* BuzzAldrin-Prefix.pch */ = {isa = PBXFileReference; lastKnownFileType = sourcecode.c.h; path = "BuzzAldrin-Prefix.pch"; sourceTree = "<group>"; };
		D2B5A585139E7A7400461428 /* main.m */ = {isa = PBXFileReference; lastKnownFileType = sourcecode.c.objc; path = main.m; sourceTree = "<group>"; };
		D2B5A587139E7A7400461428 /* BuzzAldrinAppDelegate.h */ = {isa = PBXFileReference; lastKnownFileType = sourcecode.c.h; path = BuzzAldrinAppDelegate.h; sourceTree = "<group>"; };
		D2B5A588139E7A7500461428 /* BuzzAldrinAppDelegate.m */ = {isa = PBXFileReference; lastKnownFileType = sourcecode.c.objc; path = BuzzAldrinAppDelegate.m; sourceTree = "<group>"; };
		D2B5A6B8139E7DE300461428 /* MessageUI.framework */ = {isa = PBXFileReference; lastKnownFileType = wrapper.framework; name = MessageUI.framework; path = System/Library/Frameworks/MessageUI.framework; sourceTree = SDKROOT; };
		D2B5A6B9139E7DE300461428 /* OpenGLES.framework */ = {isa = PBXFileReference; lastKnownFileType = wrapper.framework; name = OpenGLES.framework; path = System/Library/Frameworks/OpenGLES.framework; sourceTree = SDKROOT; };
		D2B5A6BA139E7DE300461428 /* QuartzCore.framework */ = {isa = PBXFileReference; lastKnownFileType = wrapper.framework; name = QuartzCore.framework; path = System/Library/Frameworks/QuartzCore.framework; sourceTree = SDKROOT; };
		D2B5A6BB139E7DE300461428 /* Security.framework */ = {isa = PBXFileReference; lastKnownFileType = wrapper.framework; name = Security.framework; path = System/Library/Frameworks/Security.framework; sourceTree = SDKROOT; };
		D2B5A6BC139E7DE300461428 /* SystemConfiguration.framework */ = {isa = PBXFileReference; lastKnownFileType = wrapper.framework; name = SystemConfiguration.framework; path = System/Library/Frameworks/SystemConfiguration.framework; sourceTree = SDKROOT; };
		D2C39607153C3A0900866071 /* MapKit.framework */ = {isa = PBXFileReference; lastKnownFileType = wrapper.framework; name = MapKit.framework; path = System/Library/Frameworks/MapKit.framework; sourceTree = SDKROOT; };
		D2C39609153C3A2300866071 /* CoreLocation.framework */ = {isa = PBXFileReference; lastKnownFileType = wrapper.framework; name = CoreLocation.framework; path = System/Library/Frameworks/CoreLocation.framework; sourceTree = SDKROOT; };
/* End PBXFileReference section */

/* Begin PBXFrameworksBuildPhase section */
		D2B5A571139E7A7400461428 /* Frameworks */ = {
			isa = PBXFrameworksBuildPhase;
			buildActionMask = 2147483647;
			files = (
				9560B49317202BEF005B681C /* Social.framework in Frameworks */,
				9560B49117202BE1005B681C /* Accounts.framework in Frameworks */,
				D2C3960A153C3A2300866071 /* CoreLocation.framework in Frameworks */,
				D2C39608153C3A0900866071 /* MapKit.framework in Frameworks */,
				D288B9771514F6B700AF514D /* CFNetwork.framework in Frameworks */,
				27020CA72C2306D4004FBBB9 /* OBXKit.framework in Frameworks */,
				D288B9751514F6A100AF514D /* MobileCoreServices.framework in Frameworks */,
				277978112BED5A79006582A6 /* libz.tbd in Frameworks */,
				277978132BED5A86006582A6 /* libsqlite3.tbd in Frameworks */,
				D288B96F1514F67A00AF514D /* CoreTelephony.framework in Frameworks */,
				D288B96D1514F67300AF514D /* StoreKit.framework in Frameworks */,
				D288B96B1514F65000AF514D /* AudioToolbox.framework in Frameworks */,
				D2B5A6BD139E7DE300461428 /* MessageUI.framework in Frameworks */,
				D2B5A6BE139E7DE300461428 /* OpenGLES.framework in Frameworks */,
				D2B5A6BF139E7DE300461428 /* QuartzCore.framework in Frameworks */,
				D2B5A6C0139E7DE300461428 /* Security.framework in Frameworks */,
				D2B5A6C1139E7DE300461428 /* SystemConfiguration.framework in Frameworks */,
				D2B5A579139E7A7400461428 /* UIKit.framework in Frameworks */,
				D2B5A57B139E7A7400461428 /* Foundation.framework in Frameworks */,
				D2B5A57D139E7A7400461428 /* CoreGraphics.framework in Frameworks */,
			);
			runOnlyForDeploymentPostprocessing = 0;
		};
/* End PBXFrameworksBuildPhase section */

/* Begin PBXGroup section */
		95749E3717258A99000CD0CC /* Texts */ = {
			isa = PBXGroup;
			children = (
				95749E3917258AF8000CD0CC /* know.txt */,
			);
			name = Texts;
			sourceTree = "<group>";
		};
		D27FD11E139EA86600191796 /* Resources */ = {
			isa = PBXGroup;
			children = (
				95749E3717258A99000CD0CC /* Texts */,
				D27FD11F139EA86600191796 /* Fonts */,
				D27FD126139EA86600191796 /* Images */,
				D27FD12F139EA86600191796 /* Poems */,
				27C9EACA2C2231E4004DAC3D /* OKPoEMMProperties.plist */,
				27C9EACC2C2235AD004DAC3D /* OKAppProperties.plist */,
			);
			path = Resources;
			sourceTree = SOURCE_ROOT;
		};
		D27FD11F139EA86600191796 /* Fonts */ = {
			isa = PBXGroup;
			children = (
				D2A339AB1559AFE800EDC553 /* olvr100b.fnt */,
				D2A339AC1559AFE800EDC553 /* olvr100b.png */,
				D2A339AD1559AFE800EDC553 /* olvr100bu.fnt */,
				D2A339AE1559AFE800EDC553 /* olvr100bu.png */,
				D2A339AF1559AFE800EDC553 /* olvr105b.fnt */,
				D2A339B01559AFE800EDC553 /* olvr105b.png */,
				D2A339B11559AFE800EDC553 /* olvr105bu.fnt */,
				D2A339B21559AFE800EDC553 /* olvr105bu.png */,
				D2A339B31559AFE800EDC553 /* olvr112b.fnt */,
				D2A339B41559AFE800EDC553 /* olvr112b.png */,
				D2A339B51559AFE800EDC553 /* olvr112bu.fnt */,
				D2A339B61559AFE800EDC553 /* olvr112bu.png */,
				D2A339B71559AFE800EDC553 /* olvr124b.fnt */,
				D2A339B81559AFE800EDC553 /* olvr124b.png */,
				D2A339B91559AFE800EDC553 /* olvr124bu.fnt */,
				D2A339BA1559AFE800EDC553 /* olvr124bu.png */,
				15484C9215FE89F200E4EC5E /* olvr190b.fnt */,
				15484C9315FE89F200E4EC5E /* olvr190b.png */,
				15484C9415FE89F200E4EC5E /* olvr190bu.fnt */,
				15484C9515FE89F200E4EC5E /* olvr190bu.png */,
				D2A339771559AFE800EDC553 /* olvr19b.fnt */,
				D2A339781559AFE800EDC553 /* olvr19b.png */,
				D2A339791559AFE800EDC553 /* olvr19bu.fnt */,
				D2A3397A1559AFE800EDC553 /* olvr19bu.png */,
				D2A3397B1559AFE800EDC553 /* olvr25b.fnt */,
				D2A3397C1559AFE800EDC553 /* olvr25b.png */,
				D2A3397D1559AFE800EDC553 /* olvr25bu.fnt */,
				D2A3397E1559AFE800EDC553 /* olvr25bu.png */,
				D2A3397F1559AFE800EDC553 /* olvr28b.fnt */,
				D2A339801559AFE800EDC553 /* olvr28b.png */,
				D2A339811559AFE800EDC553 /* olvr28bu.fnt */,
				D2A339821559AFE800EDC553 /* olvr28bu.png */,
				D2A339831559AFE800EDC553 /* olvr38b.fnt */,
				D2A339841559AFE800EDC553 /* olvr38b.png */,
				D2A339851559AFE800EDC553 /* olvr38bu.fnt */,
				D2A339861559AFE800EDC553 /* olvr38bu.png */,
				D2A339871559AFE800EDC553 /* olvr40b.fnt */,
				D2A339881559AFE800EDC553 /* olvr40b.png */,
				D2A339891559AFE800EDC553 /* olvr40bu.fnt */,
				D2A3398A1559AFE800EDC553 /* olvr40bu.png */,
				D2A3398B1559AFE800EDC553 /* olvr50b.fnt */,
				D2A3398C1559AFE800EDC553 /* olvr50b.png */,
				D2A3398D1559AFE800EDC553 /* olvr50bu.fnt */,
				D2A3398E1559AFE800EDC553 /* olvr50bu.png */,
				D2A3398F1559AFE800EDC553 /* olvr54b.fnt */,
				D2A339901559AFE800EDC553 /* olvr54b.png */,
				D2A339911559AFE800EDC553 /* olvr54bu.fnt */,
				D2A339921559AFE800EDC553 /* olvr54bu.png */,
				D2A339931559AFE800EDC553 /* olvr56b.fnt */,
				D2A339941559AFE800EDC553 /* olvr56b.png */,
				D2A339951559AFE800EDC553 /* olvr56bu.fnt */,
				D2A339961559AFE800EDC553 /* olvr56bu.png */,
				D2A339971559AFE800EDC553 /* olvr62b.fnt */,
				D2A339981559AFE800EDC553 /* olvr62b.png */,
				D2A339991559AFE800EDC553 /* olvr62bu.fnt */,
				D2A3399A1559AFE800EDC553 /* olvr62bu.png */,
				D2A3399B1559AFE800EDC553 /* olvr76b.fnt */,
				D2A3399C1559AFE800EDC553 /* olvr76b.png */,
				D2A3399D1559AFE800EDC553 /* olvr76bu.fnt */,
				D2A3399E1559AFE800EDC553 /* olvr76bu.png */,
				D2A3399F1559AFE800EDC553 /* olvr81b.fnt */,
				D2A339A01559AFE800EDC553 /* olvr81b.png */,
				D2A339A11559AFE800EDC553 /* olvr81bu.fnt */,
				D2A339A21559AFE800EDC553 /* olvr81bu.png */,
				D2A339A31559AFE800EDC553 /* olvr85b.fnt */,
				D2A339A41559AFE800EDC553 /* olvr85b.png */,
				D2A339A51559AFE800EDC553 /* olvr85bu.fnt */,
				D2A339A61559AFE800EDC553 /* olvr85bu.png */,
				D2A339A71559AFE800EDC553 /* olvr95b.fnt */,
				D2A339A81559AFE800EDC553 /* olvr95b.png */,
				D2A339A91559AFE800EDC553 /* olvr95bu.fnt */,
				D2A339AA1559AFE800EDC553 /* olvr95bu.png */,
			);
			path = Fonts;
			sourceTree = "<group>";
		};
		D27FD126139EA86600191796 /* Images */ = {
			isa = PBXGroup;
			children = (
				951C507518905B1A0003744C /* Icon-76.png */,
				951C507618905B1A0003744C /* Icon-120.png */,
				951C507718905B1A0003744C /* Icon-152.png */,
				9552F12A1727151A0049E27E /* Icon.png */,
				95749E35172572C5000CD0CC /* Icon-72@2x.png */,
				95749E331725729F000CD0CC /* Icon-72.png */,
				95749E2917257265000CD0CC /* Default-568h@2x.png */,
				95749E2A17257265000CD0CC /* Default-Landscape.png */,
				95749E2B17257265000CD0CC /* Default-Landscape@2x.png */,
				95749E2C17257265000CD0CC /* Default.png */,
				95749E2D17257265000CD0CC /* Default@2x.png */,
				95749E1917257253000CD0CC /* Icon-Small-50.png */,
				95749E1A17257253000CD0CC /* Icon-Small-50@2x.png */,
				95749E1B17257253000CD0CC /* Icon-Small.png */,
				95749E1C17257253000CD0CC /* Icon-Small@2x.png */,
				95749E1D17257253000CD0CC /* Icon.png */,
				95749E1E17257253000CD0CC /* Icon@2x.png */,
				95749E1F17257253000CD0CC /* iTunesArtwork.png */,
				95749E2017257254000CD0CC /* iTunesArtwork@2x.png */,
			);
			path = Images;
			sourceTree = "<group>";
		};
		D27FD12F139EA86600191796 /* Poems */ = {
			isa = PBXGroup;
			children = (
				D27FD130139EA86600191796 /* buzzAldrin.txt */,
			);
			path = Poems;
			sourceTree = "<group>";
		};
		D2B5A569139E7A7400461428 = {
			isa = PBXGroup;
			children = (
				57C77BB3203F272F00A28CE7 /* Media.xcassets */,
				15A41CB71611F26C005A4632 /* Settings.bundle */,
				D2B5A57E139E7A7400461428 /* BuzzAldrin */,
				D2B5A577139E7A7400461428 /* Frameworks */,
				D2B5A575139E7A7400461428 /* Products */,
			);
			sourceTree = "<group>";
		};
		D2B5A575139E7A7400461428 /* Products */ = {
			isa = PBXGroup;
			children = (
				D2B5A574139E7A7400461428 /* BuzzAldrin.app */,
			);
			name = Products;
			sourceTree = "<group>";
		};
		D2B5A577139E7A7400461428 /* Frameworks */ = {
			isa = PBXGroup;
			children = (
				27020CA62C2306D4004FBBB9 /* OBXKit.framework */,
				277978122BED5A86006582A6 /* libsqlite3.tbd */,
				277978102BED5A79006582A6 /* libz.tbd */,
				9560B49217202BEF005B681C /* Social.framework */,
				9560B49017202BE1005B681C /* Accounts.framework */,
				D2C39609153C3A2300866071 /* CoreLocation.framework */,
				D2C39607153C3A0900866071 /* MapKit.framework */,
				D288B9761514F6B700AF514D /* CFNetwork.framework */,
				D288B9741514F6A100AF514D /* MobileCoreServices.framework */,
				D288B96E1514F67A00AF514D /* CoreTelephony.framework */,
				D288B96C1514F67300AF514D /* StoreKit.framework */,
				D288B96A1514F65000AF514D /* AudioToolbox.framework */,
				D2B5A6B8139E7DE300461428 /* MessageUI.framework */,
				D2B5A6B9139E7DE300461428 /* OpenGLES.framework */,
				D2B5A6BA139E7DE300461428 /* QuartzCore.framework */,
				D2B5A6BB139E7DE300461428 /* Security.framework */,
				D2B5A6BC139E7DE300461428 /* SystemConfiguration.framework */,
				D2B5A578139E7A7400461428 /* UIKit.framework */,
				D2B5A57A139E7A7400461428 /* Foundation.framework */,
				D2B5A57C139E7A7400461428 /* CoreGraphics.framework */,
			);
			name = Frameworks;
			sourceTree = "<group>";
		};
		D2B5A57E139E7A7400461428 /* BuzzAldrin */ = {
			isa = PBXGroup;
			children = (
				570E92952045A58E004526EF /* BuzzAldrin.entitlements */,
				D2B5A587139E7A7400461428 /* BuzzAldrinAppDelegate.h */,
				D2B5A588139E7A7500461428 /* BuzzAldrinAppDelegate.m */,
				D27FD11E139EA86600191796 /* Resources */,
				D2B5A57F139E7A7400461428 /* Supporting Files */,
			);
			path = BuzzAldrin;
			sourceTree = "<group>";
		};
		D2B5A57F139E7A7400461428 /* Supporting Files */ = {
			isa = PBXGroup;
			children = (
				D2B5A580139E7A7400461428 /* BuzzAldrin-Info.plist */,
				D2B5A581139E7A7400461428 /* InfoPlist.strings */,
				D2B5A584139E7A7400461428 /* BuzzAldrin-Prefix.pch */,
				D2B5A585139E7A7400461428 /* main.m */,
			);
			name = "Supporting Files";
			sourceTree = "<group>";
		};
/* End PBXGroup section */

/* Begin PBXNativeTarget section */
		D2B5A573139E7A7400461428 /* BuzzAldrin */ = {
			isa = PBXNativeTarget;
			buildConfigurationList = D2B5A59A139E7A7500461428 /* Build configuration list for PBXNativeTarget "BuzzAldrin" */;
			buildPhases = (
				D2B5A570139E7A7400461428 /* Sources */,
				D2B5A571139E7A7400461428 /* Frameworks */,
				D2B5A572139E7A7400461428 /* Resources */,
				2771202B2C1A367E00FCF7C8 /* Embed Frameworks */,
			);
			buildRules = (
			);
			dependencies = (
			);
			name = BuzzAldrin;
			productName = BuzzAldrin;
			productReference = D2B5A574139E7A7400461428 /* BuzzAldrin.app */;
			productType = "com.apple.product-type.application";
		};
/* End PBXNativeTarget section */

/* Begin PBXProject section */
		D2B5A56B139E7A7400461428 /* Project object */ = {
			isa = PBXProject;
			attributes = {
				BuildIndependentTargetsInParallel = YES;
				LastUpgradeCheck = 1530;
				ORGANIZATIONNAME = "Christian Gratton";
				TargetAttributes = {
					D2B5A573139E7A7400461428 = {
						DevelopmentTeam = 6B68QQG3FR;
						ProvisioningStyle = Automatic;
						SystemCapabilities = {
							com.apple.Push = {
								enabled = 1;
							};
						};
					};
				};
			};
			buildConfigurationList = D2B5A56E139E7A7400461428 /* Build configuration list for PBXProject "BuzzAldrin" */;
			compatibilityVersion = "Xcode 15.0";
			developmentRegion = en;
			hasScannedForEncodings = 0;
			knownRegions = (
				en,
				Base,
			);
			mainGroup = D2B5A569139E7A7400461428;
			productRefGroup = D2B5A575139E7A7400461428 /* Products */;
			projectDirPath = "";
			projectRoot = "";
			targets = (
				D2B5A573139E7A7400461428 /* BuzzAldrin */,
			);
		};
/* End PBXProject section */

/* Begin PBXResourcesBuildPhase section */
		D2B5A572139E7A7400461428 /* Resources */ = {
			isa = PBXResourcesBuildPhase;
			buildActionMask = 2147483647;
			files = (
				D2B5A583139E7A7400461428 /* InfoPlist.strings in Resources */,
				D2A339BB1559AFE800EDC553 /* olvr19b.fnt in Resources */,
				D2A339BC1559AFE800EDC553 /* olvr19b.png in Resources */,
				D2A339BD1559AFE800EDC553 /* olvr19bu.fnt in Resources */,
				D2A339BE1559AFE800EDC553 /* olvr19bu.png in Resources */,
				D2A339BF1559AFE800EDC553 /* olvr25b.fnt in Resources */,
				D2A339C01559AFE800EDC553 /* olvr25b.png in Resources */,
				951C507918905B1A0003744C /* Icon-120.png in Resources */,
				D2A339C11559AFE800EDC553 /* olvr25bu.fnt in Resources */,
				D2A339C21559AFE800EDC553 /* olvr25bu.png in Resources */,
				D2A339C31559AFE800EDC553 /* olvr28b.fnt in Resources */,
				D2A339C41559AFE800EDC553 /* olvr28b.png in Resources */,
				D2A339C51559AFE800EDC553 /* olvr28bu.fnt in Resources */,
				D2A339C61559AFE800EDC553 /* olvr28bu.png in Resources */,
				D2A339C71559AFE800EDC553 /* olvr38b.fnt in Resources */,
				D2A339C81559AFE800EDC553 /* olvr38b.png in Resources */,
				D2A339C91559AFE800EDC553 /* olvr38bu.fnt in Resources */,
				D2A339CA1559AFE800EDC553 /* olvr38bu.png in Resources */,
				D2A339CB1559AFE800EDC553 /* olvr40b.fnt in Resources */,
				D2A339CC1559AFE800EDC553 /* olvr40b.png in Resources */,
				D2A339CD1559AFE800EDC553 /* olvr40bu.fnt in Resources */,
				D2A339CE1559AFE800EDC553 /* olvr40bu.png in Resources */,
				D2A339CF1559AFE800EDC553 /* olvr50b.fnt in Resources */,
				27C9EACD2C2235AD004DAC3D /* OKAppProperties.plist in Resources */,
				D2A339D01559AFE800EDC553 /* olvr50b.png in Resources */,
				D2A339D11559AFE800EDC553 /* olvr50bu.fnt in Resources */,
				D2A339D21559AFE800EDC553 /* olvr50bu.png in Resources */,
				D2A339D31559AFE800EDC553 /* olvr54b.fnt in Resources */,
				D2A339D41559AFE800EDC553 /* olvr54b.png in Resources */,
				D2A339D51559AFE800EDC553 /* olvr54bu.fnt in Resources */,
				27C9EACB2C2231E4004DAC3D /* OKPoEMMProperties.plist in Resources */,
				D2A339D61559AFE800EDC553 /* olvr54bu.png in Resources */,
				D2A339D71559AFE800EDC553 /* olvr56b.fnt in Resources */,
				D2A339D81559AFE800EDC553 /* olvr56b.png in Resources */,
				D2A339D91559AFE800EDC553 /* olvr56bu.fnt in Resources */,
				D2A339DA1559AFE800EDC553 /* olvr56bu.png in Resources */,
				D2A339DB1559AFE800EDC553 /* olvr62b.fnt in Resources */,
				D2A339DC1559AFE800EDC553 /* olvr62b.png in Resources */,
				D2A339DD1559AFE800EDC553 /* olvr62bu.fnt in Resources */,
				D2A339DE1559AFE800EDC553 /* olvr62bu.png in Resources */,
				D2A339DF1559AFE800EDC553 /* olvr76b.fnt in Resources */,
				D2A339E01559AFE800EDC553 /* olvr76b.png in Resources */,
				D2A339E11559AFE800EDC553 /* olvr76bu.fnt in Resources */,
				D2A339E21559AFE800EDC553 /* olvr76bu.png in Resources */,
				D2A339E31559AFE800EDC553 /* olvr81b.fnt in Resources */,
				D2A339E41559AFE800EDC553 /* olvr81b.png in Resources */,
				D2A339E51559AFE800EDC553 /* olvr81bu.fnt in Resources */,
				D2A339E61559AFE800EDC553 /* olvr81bu.png in Resources */,
				D2A339E71559AFE800EDC553 /* olvr85b.fnt in Resources */,
				D2A339E81559AFE800EDC553 /* olvr85b.png in Resources */,
				D2A339E91559AFE800EDC553 /* olvr85bu.fnt in Resources */,
				D2A339EA1559AFE800EDC553 /* olvr85bu.png in Resources */,
				D2A339EB1559AFE800EDC553 /* olvr95b.fnt in Resources */,
				951C507818905B1A0003744C /* Icon-76.png in Resources */,
				D2A339EC1559AFE800EDC553 /* olvr95b.png in Resources */,
				D2A339ED1559AFE800EDC553 /* olvr95bu.fnt in Resources */,
				951C507A18905B1A0003744C /* Icon-152.png in Resources */,
				D2A339EE1559AFE800EDC553 /* olvr95bu.png in Resources */,
				D2A339EF1559AFE800EDC553 /* olvr100b.fnt in Resources */,
				D2A339F01559AFE800EDC553 /* olvr100b.png in Resources */,
				D2A339F11559AFE800EDC553 /* olvr100bu.fnt in Resources */,
				D2A339F21559AFE800EDC553 /* olvr100bu.png in Resources */,
				D2A339F31559AFE800EDC553 /* olvr105b.fnt in Resources */,
				D2A339F41559AFE800EDC553 /* olvr105b.png in Resources */,
				D2A339F51559AFE800EDC553 /* olvr105bu.fnt in Resources */,
				D2A339F61559AFE800EDC553 /* olvr105bu.png in Resources */,
				D2A339F71559AFE800EDC553 /* olvr112b.fnt in Resources */,
				D2A339F81559AFE800EDC553 /* olvr112b.png in Resources */,
				D2A339F91559AFE800EDC553 /* olvr112bu.fnt in Resources */,
				D2A339FA1559AFE800EDC553 /* olvr112bu.png in Resources */,
				D2A339FB1559AFE800EDC553 /* olvr124b.fnt in Resources */,
				D2A339FC1559AFE800EDC553 /* olvr124b.png in Resources */,
				D2A339FD1559AFE800EDC553 /* olvr124bu.fnt in Resources */,
				D2A339FE1559AFE800EDC553 /* olvr124bu.png in Resources */,
				15484C9615FE89F200E4EC5E /* olvr190b.fnt in Resources */,
				15484C9715FE89F200E4EC5E /* olvr190b.png in Resources */,
				15484C9815FE89F200E4EC5E /* olvr190bu.fnt in Resources */,
				15484C9915FE89F200E4EC5E /* olvr190bu.png in Resources */,
				15A41CB81611F26C005A4632 /* Settings.bundle in Resources */,
				95749E2117257254000CD0CC /* Icon-Small-50.png in Resources */,
				95749E2217257254000CD0CC /* Icon-Small-50@2x.png in Resources */,
				95749E2317257254000CD0CC /* Icon-Small.png in Resources */,
				95749E2417257254000CD0CC /* Icon-Small@2x.png in Resources */,
				95749E2517257254000CD0CC /* Icon.png in Resources */,
				95749E2617257254000CD0CC /* Icon@2x.png in Resources */,
				95749E2717257254000CD0CC /* iTunesArtwork.png in Resources */,
				95749E2817257254000CD0CC /* iTunesArtwork@2x.png in Resources */,
				57C77BB4203F272F00A28CE7 /* Media.xcassets in Resources */,
				95749E2E17257265000CD0CC /* Default-568h@2x.png in Resources */,
				95749E2F17257265000CD0CC /* Default-Landscape.png in Resources */,
				95749E3017257265000CD0CC /* Default-Landscape@2x.png in Resources */,
				95749E3117257265000CD0CC /* Default.png in Resources */,
				95749E3217257265000CD0CC /* Default@2x.png in Resources */,
				95749E341725729F000CD0CC /* Icon-72.png in Resources */,
				95749E36172572C5000CD0CC /* Icon-72@2x.png in Resources */,
				95749E3B17258AF8000CD0CC /* know.txt in Resources */,
			);
			runOnlyForDeploymentPostprocessing = 0;
		};
/* End PBXResourcesBuildPhase section */

/* Begin PBXSourcesBuildPhase section */
		D2B5A570139E7A7400461428 /* Sources */ = {
			isa = PBXSourcesBuildPhase;
			buildActionMask = 2147483647;
			files = (
				D2B5A586139E7A7400461428 /* main.m in Sources */,
				D2B5A589139E7A7500461428 /* BuzzAldrinAppDelegate.m in Sources */,
			);
			runOnlyForDeploymentPostprocessing = 0;
		};
/* End PBXSourcesBuildPhase section */

/* Begin PBXVariantGroup section */
		D2B5A581139E7A7400461428 /* InfoPlist.strings */ = {
			isa = PBXVariantGroup;
			children = (
				D2B5A582139E7A7400461428 /* en */,
			);
			name = InfoPlist.strings;
			sourceTree = "<group>";
		};
/* End PBXVariantGroup section */

/* Begin XCBuildConfiguration section */
		15557ED213B23DB00056D2B6 /* Ad hoc */ = {
			isa = XCBuildConfiguration;
			buildSettings = {
				ASSETCATALOG_COMPILER_GENERATE_SWIFT_ASSET_SYMBOL_EXTENSIONS = YES;
				CLANG_ANALYZER_LOCALIZABILITY_NONLOCALIZED = YES;
				CLANG_WARN_BLOCK_CAPTURE_AUTORELEASING = YES;
				CLANG_WARN_BOOL_CONVERSION = YES;
				CLANG_WARN_COMMA = YES;
				CLANG_WARN_CONSTANT_CONVERSION = YES;
				CLANG_WARN_DEPRECATED_OBJC_IMPLEMENTATIONS = YES;
				CLANG_WARN_EMPTY_BODY = YES;
				CLANG_WARN_ENUM_CONVERSION = YES;
				CLANG_WARN_INFINITE_RECURSION = YES;
				CLANG_WARN_INT_CONVERSION = YES;
				CLANG_WARN_NON_LITERAL_NULL_CONVERSION = YES;
				CLANG_WARN_OBJC_IMPLICIT_RETAIN_SELF = YES;
				CLANG_WARN_OBJC_LITERAL_CONVERSION = YES;
				CLANG_WARN_QUOTED_INCLUDE_IN_FRAMEWORK_HEADER = YES;
				CLANG_WARN_RANGE_LOOP_ANALYSIS = YES;
				CLANG_WARN_STRICT_PROTOTYPES = YES;
				CLANG_WARN_SUSPICIOUS_MOVE = YES;
				CLANG_WARN_UNREACHABLE_CODE = YES;
				CLANG_WARN__DUPLICATE_METHOD_MATCH = YES;
				CODE_SIGN_IDENTITY = "iPhone Distribution: Jason Lewis (6B68QQG3FR)";
				"CODE_SIGN_IDENTITY[sdk=iphoneos*]" = "iPhone Distribution: Jason Lewis (6B68QQG3FR)";
				ENABLE_STRICT_OBJC_MSGSEND = YES;
				ENABLE_USER_SCRIPT_SANDBOXING = YES;
				FRAMEWORK_SEARCH_PATHS = "/Users/muhammadshahromali/Library/Developer/Xcode/DerivedData/**";
				GCC_C_LANGUAGE_STANDARD = gnu99;
				GCC_NO_COMMON_BLOCKS = YES;
				GCC_THUMB_SUPPORT = NO;
				GCC_VERSION = "";
				GCC_WARN_64_TO_32_BIT_CONVERSION = YES;
				GCC_WARN_ABOUT_MISSING_PROTOTYPES = YES;
				GCC_WARN_ABOUT_RETURN_TYPE = YES;
				GCC_WARN_UNDECLARED_SELECTOR = YES;
				GCC_WARN_UNINITIALIZED_AUTOS = YES;
				GCC_WARN_UNUSED_FUNCTION = YES;
				GCC_WARN_UNUSED_VARIABLE = YES;
				IPHONEOS_DEPLOYMENT_TARGET = 15.0;
				ONLY_ACTIVE_ARCH = YES;
				OTHER_CFLAGS = "-DNS_BLOCK_ASSERTIONS=1";
				PROVISIONING_PROFILE = "05F99CCD-0666-41C6-A564-5D73E68C83BE";
				"PROVISIONING_PROFILE[sdk=iphoneos*]" = "05F99CCD-0666-41C6-A564-5D73E68C83BE";
				SDKROOT = iphoneos;
				TARGETED_DEVICE_FAMILY = "1,2";
			};
			name = "Ad hoc";
		};
		15557ED313B23DB00056D2B6 /* Ad hoc */ = {
			isa = XCBuildConfiguration;
			buildSettings = {
				ALWAYS_SEARCH_USER_PATHS = NO;
				ASSETCATALOG_COMPILER_APPICON_NAME = "AppIcon-2";
				ASSETCATALOG_COMPILER_LAUNCHIMAGE_NAME = LaunchImage;
				CLANG_ENABLE_OBJC_ARC = YES;
				CODE_SIGN_ENTITLEMENTS = BuzzAldrin/BuzzAldrin.entitlements;
				CODE_SIGN_IDENTITY = "iPhone Developer";
				"CODE_SIGN_IDENTITY[sdk=iphoneos*]" = "iPhone Developer";
				CODE_SIGN_STYLE = Automatic;
				COPY_PHASE_STRIP = YES;
				CURRENT_PROJECT_VERSION = 1;
				DEVELOPMENT_TEAM = 6B68QQG3FR;
				GCC_PRECOMPILE_PREFIX_HEADER = YES;
				GCC_PREFIX_HEADER = "BuzzAldrin/BuzzAldrin-Prefix.pch";
				GCC_PREPROCESSOR_DEFINITIONS = (
					TESTFLIGHT,
					DEBUG,
				);
				GCC_THUMB_SUPPORT = NO;
				GCC_VERSION = com.apple.compilers.llvm.clang.1_0;
				HEADER_SEARCH_PATHS = "../Airship/**";
				"HEADER_SEARCH_PATHS[arch=*]" = "../Airship/**";
				INFOPLIST_FILE = "BuzzAldrin/BuzzAldrin-Info.plist";
				INFOPLIST_KEY_CFBundleDisplayName = Know;
				IPHONEOS_DEPLOYMENT_TARGET = 15.0;
				LIBRARY_SEARCH_PATHS = "$(inherited)";
				MARKETING_VERSION = 1.0.2;
				PRODUCT_BUNDLE_IDENTIFIER = net.obxlabs.Buzz;
				PRODUCT_NAME = "$(TARGET_NAME)";
				PROVISIONING_PROFILE = "";
				"PROVISIONING_PROFILE[sdk=iphoneos*]" = "";
				PROVISIONING_PROFILE_SPECIFIER = "";
				SUPPORTED_PLATFORMS = "iphoneos iphonesimulator";
				SUPPORTS_MACCATALYST = NO;
				SUPPORTS_MAC_DESIGNED_FOR_IPHONE_IPAD = NO;
				SUPPORTS_XR_DESIGNED_FOR_IPHONE_IPAD = NO;
				TARGETED_DEVICE_FAMILY = "1,2";
				VALIDATE_PRODUCT = YES;
				WRAPPER_EXTENSION = app;
			};
			name = "Ad hoc";
		};
		D2B5A598139E7A7500461428 /* Debug */ = {
			isa = XCBuildConfiguration;
			buildSettings = {
				ASSETCATALOG_COMPILER_GENERATE_SWIFT_ASSET_SYMBOL_EXTENSIONS = YES;
				CLANG_ANALYZER_LOCALIZABILITY_NONLOCALIZED = YES;
				CLANG_WARN_BLOCK_CAPTURE_AUTORELEASING = YES;
				CLANG_WARN_BOOL_CONVERSION = YES;
				CLANG_WARN_COMMA = YES;
				CLANG_WARN_CONSTANT_CONVERSION = YES;
				CLANG_WARN_DEPRECATED_OBJC_IMPLEMENTATIONS = YES;
				CLANG_WARN_EMPTY_BODY = YES;
				CLANG_WARN_ENUM_CONVERSION = YES;
				CLANG_WARN_INFINITE_RECURSION = YES;
				CLANG_WARN_INT_CONVERSION = YES;
				CLANG_WARN_NON_LITERAL_NULL_CONVERSION = YES;
				CLANG_WARN_OBJC_IMPLICIT_RETAIN_SELF = YES;
				CLANG_WARN_OBJC_LITERAL_CONVERSION = YES;
				CLANG_WARN_QUOTED_INCLUDE_IN_FRAMEWORK_HEADER = YES;
				CLANG_WARN_RANGE_LOOP_ANALYSIS = YES;
				CLANG_WARN_STRICT_PROTOTYPES = YES;
				CLANG_WARN_SUSPICIOUS_MOVE = YES;
				CLANG_WARN_UNREACHABLE_CODE = YES;
				CLANG_WARN__DUPLICATE_METHOD_MATCH = YES;
				CODE_SIGN_IDENTITY = "iPhone Developer: Jason Lewis (6994C36BD5)";
				"CODE_SIGN_IDENTITY[sdk=iphoneos*]" = "iPhone Developer: Jason Lewis (6994C36BD5)";
				ENABLE_STRICT_OBJC_MSGSEND = YES;
				ENABLE_TESTABILITY = YES;
				ENABLE_USER_SCRIPT_SANDBOXING = YES;
				FRAMEWORK_SEARCH_PATHS = "/Users/muhammadshahromali/Library/Developer/Xcode/DerivedData/**";
				GCC_C_LANGUAGE_STANDARD = gnu99;
				GCC_NO_COMMON_BLOCKS = YES;
				GCC_OPTIMIZATION_LEVEL = 0;
				GCC_PREPROCESSOR_DEFINITIONS = DEBUG;
				GCC_SYMBOLS_PRIVATE_EXTERN = NO;
				GCC_THUMB_SUPPORT = NO;
				GCC_VERSION = "";
				GCC_WARN_64_TO_32_BIT_CONVERSION = YES;
				GCC_WARN_ABOUT_MISSING_PROTOTYPES = YES;
				GCC_WARN_ABOUT_RETURN_TYPE = YES;
				GCC_WARN_UNDECLARED_SELECTOR = YES;
				GCC_WARN_UNINITIALIZED_AUTOS = YES;
				GCC_WARN_UNUSED_FUNCTION = YES;
				GCC_WARN_UNUSED_VARIABLE = YES;
				IPHONEOS_DEPLOYMENT_TARGET = 15.0;
				ONLY_ACTIVE_ARCH = YES;
				PROVISIONING_PROFILE = "61898E58-F707-4711-A6A2-D6420ED25D7E";
				"PROVISIONING_PROFILE[sdk=iphoneos*]" = "61898E58-F707-4711-A6A2-D6420ED25D7E";
				SDKROOT = iphoneos;
				TARGETED_DEVICE_FAMILY = "1,2";
			};
			name = Debug;
		};
		D2B5A599139E7A7500461428 /* Release */ = {
			isa = XCBuildConfiguration;
			buildSettings = {
				ASSETCATALOG_COMPILER_GENERATE_SWIFT_ASSET_SYMBOL_EXTENSIONS = YES;
				CLANG_ANALYZER_LOCALIZABILITY_NONLOCALIZED = YES;
				CLANG_WARN_BLOCK_CAPTURE_AUTORELEASING = YES;
				CLANG_WARN_BOOL_CONVERSION = YES;
				CLANG_WARN_COMMA = YES;
				CLANG_WARN_CONSTANT_CONVERSION = YES;
				CLANG_WARN_DEPRECATED_OBJC_IMPLEMENTATIONS = YES;
				CLANG_WARN_EMPTY_BODY = YES;
				CLANG_WARN_ENUM_CONVERSION = YES;
				CLANG_WARN_INFINITE_RECURSION = YES;
				CLANG_WARN_INT_CONVERSION = YES;
				CLANG_WARN_NON_LITERAL_NULL_CONVERSION = YES;
				CLANG_WARN_OBJC_IMPLICIT_RETAIN_SELF = YES;
				CLANG_WARN_OBJC_LITERAL_CONVERSION = YES;
				CLANG_WARN_QUOTED_INCLUDE_IN_FRAMEWORK_HEADER = YES;
				CLANG_WARN_RANGE_LOOP_ANALYSIS = YES;
				CLANG_WARN_STRICT_PROTOTYPES = YES;
				CLANG_WARN_SUSPICIOUS_MOVE = YES;
				CLANG_WARN_UNREACHABLE_CODE = YES;
				CLANG_WARN__DUPLICATE_METHOD_MATCH = YES;
				CODE_SIGN_IDENTITY = "iPhone Distribution: Jason Lewis (6B68QQG3FR)";
				"CODE_SIGN_IDENTITY[sdk=iphoneos*]" = "iPhone Distribution: Jason Lewis";
				ENABLE_STRICT_OBJC_MSGSEND = YES;
				ENABLE_USER_SCRIPT_SANDBOXING = YES;
				FRAMEWORK_SEARCH_PATHS = "/Users/muhammadshahromali/Library/Developer/Xcode/DerivedData/**";
				GCC_C_LANGUAGE_STANDARD = gnu99;
				GCC_NO_COMMON_BLOCKS = YES;
				GCC_THUMB_SUPPORT = NO;
				GCC_VERSION = "";
				GCC_WARN_64_TO_32_BIT_CONVERSION = YES;
				GCC_WARN_ABOUT_MISSING_PROTOTYPES = YES;
				GCC_WARN_ABOUT_RETURN_TYPE = YES;
				GCC_WARN_UNDECLARED_SELECTOR = YES;
				GCC_WARN_UNINITIALIZED_AUTOS = YES;
				GCC_WARN_UNUSED_FUNCTION = YES;
				GCC_WARN_UNUSED_VARIABLE = YES;
				IPHONEOS_DEPLOYMENT_TARGET = 15.0;
				OTHER_CFLAGS = "-DNS_BLOCK_ASSERTIONS=1";
				PROVISIONING_PROFILE = "30F6DC9F-C407-4BB7-9768-F1A3A0E74A89";
				"PROVISIONING_PROFILE[sdk=iphoneos*]" = "75F4F684-555D-47EA-9806-FC16AE2D6266";
				SDKROOT = iphoneos;
				TARGETED_DEVICE_FAMILY = "1,2";
			};
			name = Release;
		};
		D2B5A59B139E7A7500461428 /* Debug */ = {
			isa = XCBuildConfiguration;
			buildSettings = {
				ALWAYS_SEARCH_USER_PATHS = NO;
				ASSETCATALOG_COMPILER_APPICON_NAME = "AppIcon-2";
				ASSETCATALOG_COMPILER_LAUNCHIMAGE_NAME = LaunchImage;
				CLANG_ENABLE_OBJC_ARC = YES;
				CODE_SIGN_ENTITLEMENTS = BuzzAldrin/BuzzAldrin.entitlements;
				CODE_SIGN_IDENTITY = "iPhone Developer";
				"CODE_SIGN_IDENTITY[sdk=iphoneos*]" = "iPhone Developer";
				CODE_SIGN_STYLE = Automatic;
				COPY_PHASE_STRIP = NO;
				CURRENT_PROJECT_VERSION = 1;
				DEVELOPMENT_TEAM = 6B68QQG3FR;
				GCC_DYNAMIC_NO_PIC = NO;
				GCC_PRECOMPILE_PREFIX_HEADER = YES;
				GCC_PREFIX_HEADER = "BuzzAldrin/BuzzAldrin-Prefix.pch";
				GCC_THUMB_SUPPORT = NO;
				GCC_VERSION = com.apple.compilers.llvm.clang.1_0;
				HEADER_SEARCH_PATHS = "../Airship/**";
				INFOPLIST_FILE = "BuzzAldrin/BuzzAldrin-Info.plist";
				INFOPLIST_KEY_CFBundleDisplayName = Know;
				IPHONEOS_DEPLOYMENT_TARGET = 15.0;
				LIBRARY_SEARCH_PATHS = "$(inherited)";
				MARKETING_VERSION = 1.0.2;
				PRODUCT_BUNDLE_IDENTIFIER = net.obxlabs.Buzz;
				PRODUCT_NAME = "$(TARGET_NAME)";
				PROVISIONING_PROFILE = "";
				"PROVISIONING_PROFILE[sdk=iphoneos*]" = "";
				PROVISIONING_PROFILE_SPECIFIER = "";
				SUPPORTED_PLATFORMS = "iphoneos iphonesimulator";
				SUPPORTS_MACCATALYST = NO;
				SUPPORTS_MAC_DESIGNED_FOR_IPHONE_IPAD = NO;
				SUPPORTS_XR_DESIGNED_FOR_IPHONE_IPAD = NO;
				TARGETED_DEVICE_FAMILY = "1,2";
				WRAPPER_EXTENSION = app;
			};
			name = Debug;
		};
		D2B5A59C139E7A7500461428 /* Release */ = {
			isa = XCBuildConfiguration;
			buildSettings = {
				ALWAYS_SEARCH_USER_PATHS = NO;
				ASSETCATALOG_COMPILER_APPICON_NAME = "AppIcon-2";
				ASSETCATALOG_COMPILER_LAUNCHIMAGE_NAME = LaunchImage;
				CLANG_ENABLE_OBJC_ARC = YES;
				CODE_SIGN_ENTITLEMENTS = BuzzAldrin/BuzzAldrin.entitlements;
				CODE_SIGN_IDENTITY = "iPhone Developer";
				"CODE_SIGN_IDENTITY[sdk=iphoneos*]" = "iPhone Developer";
				CODE_SIGN_STYLE = Automatic;
				COPY_PHASE_STRIP = YES;
				CURRENT_PROJECT_VERSION = 1;
				DEVELOPMENT_TEAM = 6B68QQG3FR;
				GCC_PRECOMPILE_PREFIX_HEADER = YES;
				GCC_PREFIX_HEADER = "BuzzAldrin/BuzzAldrin-Prefix.pch";
				GCC_THUMB_SUPPORT = NO;
				GCC_VERSION = com.apple.compilers.llvm.clang.1_0;
				HEADER_SEARCH_PATHS = "../Airship/**";
				INFOPLIST_FILE = "BuzzAldrin/BuzzAldrin-Info.plist";
				INFOPLIST_KEY_CFBundleDisplayName = Know;
				IPHONEOS_DEPLOYMENT_TARGET = 15.0;
				LIBRARY_SEARCH_PATHS = "$(inherited)";
				MARKETING_VERSION = 1.0.2;
				PRODUCT_BUNDLE_IDENTIFIER = net.obxlabs.Buzz;
				PRODUCT_NAME = "$(TARGET_NAME)";
				PROVISIONING_PROFILE = "";
				"PROVISIONING_PROFILE[sdk=iphoneos*]" = "";
				PROVISIONING_PROFILE_SPECIFIER = "";
				SUPPORTED_PLATFORMS = "iphoneos iphonesimulator";
				SUPPORTS_MACCATALYST = NO;
				SUPPORTS_MAC_DESIGNED_FOR_IPHONE_IPAD = NO;
				SUPPORTS_XR_DESIGNED_FOR_IPHONE_IPAD = NO;
				TARGETED_DEVICE_FAMILY = "1,2";
				VALIDATE_PRODUCT = YES;
				WRAPPER_EXTENSION = app;
			};
			name = Release;
		};
/* End XCBuildConfiguration section */

/* Begin XCConfigurationList section */
		D2B5A56E139E7A7400461428 /* Build configuration list for PBXProject "BuzzAldrin" */ = {
			isa = XCConfigurationList;
			buildConfigurations = (
				D2B5A598139E7A7500461428 /* Debug */,
				D2B5A599139E7A7500461428 /* Release */,
				15557ED213B23DB00056D2B6 /* Ad hoc */,
			);
			defaultConfigurationIsVisible = 0;
			defaultConfigurationName = Release;
		};
		D2B5A59A139E7A7500461428 /* Build configuration list for PBXNativeTarget "BuzzAldrin" */ = {
			isa = XCConfigurationList;
			buildConfigurations = (
				D2B5A59B139E7A7500461428 /* Debug */,
				D2B5A59C139E7A7500461428 /* Release */,
				15557ED313B23DB00056D2B6 /* Ad hoc */,
			);
			defaultConfigurationIsVisible = 0;
			defaultConfigurationName = Release;
		};
/* End XCConfigurationList section */
	};
	rootObject = D2B5A56B139E7A7400461428 /* Project object */;
}
